<?xml version="1.0" encoding="utf-8"?>
<Project ToolsVersion="4.0" xmlns="http://schemas.microsoft.com/developer/msbuild/2003">
  <ItemGroup>
    <Filter Include="Source Files">
      <UniqueIdentifier>{4FC737F1-C7A5-4376-A066-2A32D752A2FF}</UniqueIdentifier>
      <Extensions>cpp;c;cc;cxx;def;odl;idl;hpj;bat;asm;asmx</Extensions>
    </Filter>
    <Filter Include="Header Files">
      <UniqueIdentifier>{93995380-89BD-4b04-88EB-625FBE52EBFB}</UniqueIdentifier>
      <Extensions>h;hh;hpp;hxx;hm;inl;inc;ipp;xsd</Extensions>
    </Filter>
    <Filter Include="Resource Files">
      <UniqueIdentifier>{67DA6AB6-F800-4c08-8B7A-83BB121AAD01}</UniqueIdentifier>
      <Extensions>rc;ico;cur;bmp;dlg;rc2;rct;bin;rgs;gif;jpg;jpeg;jpe;resx;tiff;tif;png;wav;mfcribbon-ms</Extensions>
    </Filter>
    <Filter Include="Core">
      <UniqueIdentifier>{5e6696ed-fb45-4f7f-b467-7ba2f60fc578}</UniqueIdentifier>
    </Filter>
    <Filter Include="NetWork">
      <UniqueIdentifier>{efe2bbf0-9011-429a-a21d-3b1eb8b8d231}</UniqueIdentifier>
    </Filter>
    <Filter Include="Schema">
      <UniqueIdentifier>{4b679cc1-000b-4e3d-8c07-ab9d22378669}</UniqueIdentifier>
    </Filter>
  </ItemGroup>
  <ItemGroup>
    <ClInclude Include="stdafx.h">
      <Filter>Header Files</Filter>
    </ClInclude>
    <ClInclude Include="Resource.h">
      <Filter>Resource Files</Filter>
    </ClInclude>
    <ClInclude Include="targetver.h">
      <Filter>Header Files</Filter>
    </ClInclude>
    <ClInclude Include="Core\DAL.h">
      <Filter>Core</Filter>
    </ClInclude>
    <ClInclude Include="Network\MsgDispatcher.h">
      <Filter>NetWork</Filter>
    </ClInclude>
  </ItemGroup>
  <ItemGroup>
    <ClCompile Include="stdafx.cpp">
      <Filter>Source Files</Filter>
    </ClCompile>
    <ClCompile Include="libdyn.cpp">
      <Filter>Resource Files</Filter>
    </ClCompile>
    <ClCompile Include="Core\DAL.cpp">
      <Filter>Core</Filter>
    </ClCompile>
    <ClCompile Include="Network\TCPServer.cpp">
      <Filter>NetWork</Filter>
    </ClCompile>
    <ClCompile Include="Network\TCPSocket.cpp">
      <Filter>NetWork</Filter>
    </ClCompile>
    <ClCompile Include="main.cpp">
      <Filter>Resource Files</Filter>
    </ClCompile>
    <ClCompile Include="Core\Manager.cpp">
      <Filter>Core</Filter>
    </ClCompile>
    <ClCompile Include="Schema\Protocol.h">
      <Filter>Schema</Filter>
    </ClCompile>
  </ItemGroup>
  <ItemGroup>
    <Image Include="small.ico">
      <Filter>Resource Files</Filter>
    </Image>
    <Image Include="TCPServer.ico">
      <Filter>Resource Files</Filter>
    </Image>
  </ItemGroup>
  <ItemGroup>
    <ResourceCompile Include="TCPServer.rc">
      <Filter>Resource Files</Filter>
    </ResourceCompile>
  </ItemGroup>
  <ItemGroup>
    <CustomBuild Include="Core\Manager.h">
      <Filter>Core</Filter>
    </CustomBuild>
    <CustomBuild Include="Network\TCPServer.h">
      <Filter>NetWork</Filter>
    </CustomBuild>
    <CustomBuild Include="Network\TCPSocket.h">
      <Filter>NetWork</Filter>
    </CustomBuild>
  </ItemGroup>
</Project>